
Microsoft Visual Studio Solution File, Format Version 12.00
# Visual Studio Version 16
VisualStudioVersion = 16.0.31321.278
MinimumVisualStudioVersion = 10.0.40219.1
Project("{FAE04EC0-301F-11D3-BF4B-00C04F79EFBC}") = "PetrovPet", "PetrovPet\PetrovPet.csproj", "{F4E18593-F2C2-4564-8274-12E246B1CB99}"
EndProject
Project("{FAE04EC0-301F-11D3-BF4B-00C04F79EFBC}") = "PetrovsPetServices", "PetrovsPetServices\PetrovsPetServices.csproj", "{762A63AA-6B3A-4F23-9FAD-D8EEBD8BD866}"
EndProject
Project("{FAE04EC0-301F-11D3-BF4B-00C04F79EFBC}") = "PetrovPetDataAccess", "PetrovPetDataAccess\PetrovPetDataAccess.csproj", "{6252D69F-DFD6-4985-A727-6374EB4731F4}"
EndProject
Global
	GlobalSection(SolutionConfigurationPlatforms) = preSolution
		Debug|Any CPU = Debug|Any CPU
		Release|Any CPU = Release|Any CPU
	EndGlobalSection
	GlobalSection(ProjectConfigurationPlatforms) = postSolution
		{F4E18593-F2C2-4564-8274-12E246B1CB99}.Debug|Any CPU.ActiveCfg = Debug|Any CPU
		{F4E18593-F2C2-4564-8274-12E246B1CB99}.Debug|Any CPU.Build.0 = Debug|Any CPU
		{F4E18593-F2C2-4564-8274-12E246B1CB99}.Release|Any CPU.ActiveCfg = Release|Any CPU
		{F4E18593-F2C2-4564-8274-12E246B1CB99}.Release|Any CPU.Build.0 = Release|Any CPU
		{762A63AA-6B3A-4F23-9FAD-D8EEBD8BD866}.Debug|Any CPU.ActiveCfg = Debug|Any CPU
		{762A63AA-6B3A-4F23-9FAD-D8EEBD8BD866}.Debug|Any CPU.Build.0 = Debug|Any CPU
		{762A63AA-6B3A-4F23-9FAD-D8EEBD8BD866}.Release|Any CPU.ActiveCfg = Release|Any CPU
		{762A63AA-6B3A-4F23-9FAD-D8EEBD8BD866}.Release|Any CPU.Build.0 = Release|Any CPU
		{6252D69F-DFD6-4985-A727-6374EB4731F4}.Debug|Any CPU.ActiveCfg = Debug|Any CPU
		{6252D69F-DFD6-4985-A727-6374EB4731F4}.Debug|Any CPU.Build.0 = Debug|Any CPU
		{6252D69F-DFD6-4985-A727-6374EB4731F4}.Release|Any CPU.ActiveCfg = Release|Any CPU
		{6252D69F-DFD6-4985-A727-6374EB4731F4}.Release|Any CPU.Build.0 = Release|Any CPU
	EndGlobalSection
	GlobalSection(SolutionProperties) = preSolution
		HideSolutionNode = FALSE
	EndGlobalSection
	GlobalSection(ExtensibilityGlobals) = postSolution
		SolutionGuid = {1188E2A5-E76C-4F89-A285-B039D3FC8B32}
	EndGlobalSection
EndGlobal
